
Microsoft Visual Studio Solution File, Format Version 12.00
# Visual Studio Version 17
VisualStudioVersion = 17.0.32112.339
MinimumVisualStudioVersion = 10.0.40219.1
Project("{9A19103F-16F7-4668-BE54-9A1E7A4F7556}") = "GlobalInputHook.Tests", "GlobalInputHook.Tests.csproj", "{3573EFCF-8A67-49A4-8CF5-94AF6EF45DE4}"
EndProject
Project("{9A19103F-16F7-4668-BE54-9A1E7A4F7556}") = "GlobalInputHook", "..\GlobalInputHook\GlobalInputHook.csproj", "{74E44420-D0C2-44A5-AE59-57BEE9DF7EB2}"
EndProject
Global
	GlobalSection(SolutionConfigurationPlatforms) = preSolution
		Debug|Any CPU = Debug|Any CPU
		Release|Any CPU = Release|Any CPU
	EndGlobalSection
	GlobalSection(ProjectConfigurationPlatforms) = postSolution
		{3573EFCF-8A67-49A4-8CF5-94AF6EF45DE4}.Debug|Any CPU.ActiveCfg = Debug|Any CPU
		{3573EFCF-8A67-49A4-8CF5-94AF6EF45DE4}.Debug|Any CPU.Build.0 = Debug|Any CPU
		{3573EFCF-8A67-49A4-8CF5-94AF6EF45DE4}.Release|Any CPU.ActiveCfg = Release|Any CPU
		{3573EFCF-8A67-49A4-8CF5-94AF6EF45DE4}.Release|Any CPU.Build.0 = Release|Any CPU
		{74E44420-D0C2-44A5-AE59-57BEE9DF7EB2}.Debug|Any CPU.ActiveCfg = Debug|Any CPU
		{74E44420-D0C2-44A5-AE59-57BEE9DF7EB2}.Debug|Any CPU.Build.0 = Debug|Any CPU
		{74E44420-D0C2-44A5-AE59-57BEE9DF7EB2}.Release|Any CPU.ActiveCfg = Release|Any CPU
		{74E44420-D0C2-44A5-AE59-57BEE9DF7EB2}.Release|Any CPU.Build.0 = Release|Any CPU
	EndGlobalSection
	GlobalSection(SolutionProperties) = preSolution
		HideSolutionNode = FALSE
	EndGlobalSection
	GlobalSection(ExtensibilityGlobals) = postSolution
		SolutionGuid = {78490C1B-4FCC-4F12-A0AC-E5C943E72569}
	EndGlobalSection
EndGlobal
