
Microsoft Visual Studio Solution File, Format Version 12.00
# Visual Studio Version 17
VisualStudioVersion = 17.0.32112.339
MinimumVisualStudioVersion = 10.0.40219.1
Project("{FAE04EC0-301F-11D3-BF4B-00C04F79EFBC}") = "GlobalInputHook.Tests", "GlobalInputHook.Tests.csproj", "{B82389D2-1DAD-43CD-B1BC-7F03A5C8CE59}"
EndProject
Project("{FAE04EC0-301F-11D3-BF4B-00C04F79EFBC}") = "GlobalInputHook", "..\GlobalInputHook\GlobalInputHook.csproj", "{BDDE10B7-0014-4A59-91E4-9832C4A797FC}"
EndProject
Global
	GlobalSection(SolutionConfigurationPlatforms) = preSolution
		Debug|Any CPU = Debug|Any CPU
		Release|Any CPU = Release|Any CPU
		ReleaseEmbedded|Any CPU = ReleaseEmbedded|Any CPU
	EndGlobalSection
	GlobalSection(ProjectConfigurationPlatforms) = postSolution
		{B82389D2-1DAD-43CD-B1BC-7F03A5C8CE59}.Debug|Any CPU.ActiveCfg = Debug|Any CPU
		{B82389D2-1DAD-43CD-B1BC-7F03A5C8CE59}.Debug|Any CPU.Build.0 = Debug|Any CPU
		{B82389D2-1DAD-43CD-B1BC-7F03A5C8CE59}.Release|Any CPU.ActiveCfg = Release|Any CPU
		{B82389D2-1DAD-43CD-B1BC-7F03A5C8CE59}.Release|Any CPU.Build.0 = Release|Any CPU
		{B82389D2-1DAD-43CD-B1BC-7F03A5C8CE59}.ReleaseEmbedded|Any CPU.ActiveCfg = Release|Any CPU
		{B82389D2-1DAD-43CD-B1BC-7F03A5C8CE59}.ReleaseEmbedded|Any CPU.Build.0 = Release|Any CPU
		{BDDE10B7-0014-4A59-91E4-9832C4A797FC}.Debug|Any CPU.ActiveCfg = Debug|Any CPU
		{BDDE10B7-0014-4A59-91E4-9832C4A797FC}.Debug|Any CPU.Build.0 = Debug|Any CPU
		{BDDE10B7-0014-4A59-91E4-9832C4A797FC}.Release|Any CPU.ActiveCfg = Release|Any CPU
		{BDDE10B7-0014-4A59-91E4-9832C4A797FC}.Release|Any CPU.Build.0 = Release|Any CPU
		{BDDE10B7-0014-4A59-91E4-9832C4A797FC}.ReleaseEmbedded|Any CPU.ActiveCfg = ReleaseEmbedded|Any CPU
		{BDDE10B7-0014-4A59-91E4-9832C4A797FC}.ReleaseEmbedded|Any CPU.Build.0 = ReleaseEmbedded|Any CPU
	EndGlobalSection
	GlobalSection(SolutionProperties) = preSolution
		HideSolutionNode = FALSE
	EndGlobalSection
	GlobalSection(ExtensibilityGlobals) = postSolution
		SolutionGuid = {49FDCFCF-EF0D-4C41-8930-F053872D5639}
	EndGlobalSection
EndGlobal
