
Microsoft Visual Studio Solution File, Format Version 12.00
# Visual Studio Version 17
VisualStudioVersion = 17.0.32112.339
MinimumVisualStudioVersion = 10.0.40219.1
Project("{FAE04EC0-301F-11D3-BF4B-00C04F79EFBC}") = "GlobalInputHook", "GlobalInputHook.csproj", "{249DC05D-791A-48F4-A600-6A0C742EBED3}"
EndProject
Project("{9A19103F-16F7-4668-BE54-9A1E7A4F7556}") = "GlobalInputHook.Tests", "N:\Visual Studio\GlobalInputHook.Tests\GlobalInputHook.Tests.csproj", "{B5B0709F-5F5A-4C2E-BBFD-EDCA75DB5F08}"
EndProject
Global
	GlobalSection(SolutionConfigurationPlatforms) = preSolution
		Debug|Any CPU = Debug|Any CPU
		Release|Any CPU = Release|Any CPU
	EndGlobalSection
	GlobalSection(ProjectConfigurationPlatforms) = postSolution
		{249DC05D-791A-48F4-A600-6A0C742EBED3}.Debug|Any CPU.ActiveCfg = Debug|Any CPU
		{249DC05D-791A-48F4-A600-6A0C742EBED3}.Debug|Any CPU.Build.0 = Debug|Any CPU
		{249DC05D-791A-48F4-A600-6A0C742EBED3}.Release|Any CPU.ActiveCfg = Release|Any CPU
		{249DC05D-791A-48F4-A600-6A0C742EBED3}.Release|Any CPU.Build.0 = Release|Any CPU
		{B5B0709F-5F5A-4C2E-BBFD-EDCA75DB5F08}.Debug|Any CPU.ActiveCfg = Debug|Any CPU
		{B5B0709F-5F5A-4C2E-BBFD-EDCA75DB5F08}.Debug|Any CPU.Build.0 = Debug|Any CPU
		{B5B0709F-5F5A-4C2E-BBFD-EDCA75DB5F08}.Release|Any CPU.ActiveCfg = Release|Any CPU
		{B5B0709F-5F5A-4C2E-BBFD-EDCA75DB5F08}.Release|Any CPU.Build.0 = Release|Any CPU
	EndGlobalSection
	GlobalSection(SolutionProperties) = preSolution
		HideSolutionNode = FALSE
	EndGlobalSection
	GlobalSection(ExtensibilityGlobals) = postSolution
		SolutionGuid = {634FA174-8780-4966-B4BA-6B8D0BF49C00}
	EndGlobalSection
EndGlobal
